{
  "requires": true,
  "lockfileVersion": 1,
  "dependencies": {
    "lightweight-charts": {
      "version": "1.0.1",
      "resolved": "https://registry.npmjs.org/lightweight-charts/-/lightweight-charts-1.0.1.tgz",
      "integrity": "sha512-iGHJAsEhD91siAmmN08ujt4Q7s6f4qcUvnTbbuizFC7zjBS0fsu6S8/nT3YLciD2k3VB6YACJn09mQIFUEId1g=="
    }
  }
}
